<?xml version="1.0" encoding="utf-8"?>
<Project ToolsVersion="4.0" xmlns="http://schemas.microsoft.com/developer/msbuild/2003">
  <ItemGroup>
    <Filter Include="Source Files">
      <UniqueIdentifier>{4FC737F1-C7A5-4376-A066-2A32D752A2FF}</UniqueIdentifier>
      <Extensions>cpp;c;cc;cxx;def;odl;idl;hpj;bat;asm;asmx</Extensions>
    </Filter>
    <Filter Include="_">
      <UniqueIdentifier>{f6422c28-0b0d-4046-a90f-e55a359343a5}</UniqueIdentifier>
    </Filter>
    <Filter Include="Shaders">
      <UniqueIdentifier>{d009f52c-0f83-476c-803a-7d657574a05e}</UniqueIdentifier>
    </Filter>
    <Filter Include="Ace">
      <UniqueIdentifier>{67d17c5e-e7c8-42e8-937b-8a01f7944c70}</UniqueIdentifier>
    </Filter>
    <Filter Include="g2">
      <UniqueIdentifier>{d7be9dc2-1a38-4f91-b40f-e01e51f260a5}</UniqueIdentifier>
    </Filter>
    <Filter Include="g2\include">
      <UniqueIdentifier>{08905133-40ab-4ed3-8c6d-5767559af885}</UniqueIdentifier>
    </Filter>
  </ItemGroup>
  <ItemGroup>
    <ClInclude Include="targetver.h">
      <Filter>_</Filter>
    </ClInclude>
    <ClInclude Include="stdafx.h">
      <Filter>_</Filter>
    </ClInclude>
    <ClInclude Include="Main.h">
      <Filter>Source Files</Filter>
    </ClInclude>
    <ClInclude Include="g2\g2.h">
      <Filter>g2\include</Filter>
    </ClInclude>
    <ClInclude Include="g2\g2_canvas.h">
      <Filter>g2\include</Filter>
    </ClInclude>
    <ClInclude Include="g2\g2_core.h">
      <Filter>g2\include</Filter>
    </ClInclude>
    <ClInclude Include="g2\g2_externals.h">
      <Filter>g2\include</Filter>
    </ClInclude>
    <ClInclude Include="g2\g2_font.h">
      <Filter>g2\include</Filter>
    </ClInclude>
    <ClInclude Include="g2\g2_opacity.h">
      <Filter>g2\include</Filter>
    </ClInclude>
    <ClInclude Include="g2\g2_texture.h">
      <Filter>g2\include</Filter>
    </ClInclude>
    <ClInclude Include="g2\AceFramebuffer.hpp">
      <Filter>Ace</Filter>
    </ClInclude>
    <ClInclude Include="g2\AceImageRect.hpp">
      <Filter>Ace</Filter>
    </ClInclude>
    <ClInclude Include="g2\AceProgram.hpp">
      <Filter>Ace</Filter>
    </ClInclude>
    <ClInclude Include="g2\AceRgbRect.hpp">
      <Filter>Ace</Filter>
    </ClInclude>
    <ClInclude Include="g2\AceShader.hpp">
      <Filter>Ace</Filter>
    </ClInclude>
    <ClInclude Include="g2\AceTexture.hpp">
      <Filter>Ace</Filter>
    </ClInclude>
    <ClInclude Include="g2\AceTextureRect.hpp">
      <Filter>Ace</Filter>
    </ClInclude>
    <ClInclude Include="g2\AceTextureGlyph.hpp">
      <Filter>Ace</Filter>
    </ClInclude>
  </ItemGroup>
  <ItemGroup>
    <ClCompile Include="stdafx.cpp">
      <Filter>_</Filter>
    </ClCompile>
    <ClCompile Include="Main.cpp">
      <Filter>Source Files</Filter>
    </ClCompile>
    <ClCompile Include="Callbacks.cpp">
      <Filter>Source Files</Filter>
    </ClCompile>
    <ClCompile Include="Init.cpp">
      <Filter>Source Files</Filter>
    </ClCompile>
    <ClCompile Include="Draw.cpp">
      <Filter>Source Files</Filter>
    </ClCompile>
    <ClCompile Include="g2_texture.cpp">
      <Filter>g2</Filter>
    </ClCompile>
    <ClCompile Include="g2_core.cpp">
      <Filter>g2</Filter>
    </ClCompile>
    <ClCompile Include="g2_rect.cpp">
      <Filter>g2</Filter>
    </ClCompile>
    <ClCompile Include="g2_internal.cpp">
      <Filter>g2</Filter>
    </ClCompile>
    <ClCompile Include="g2_canvas.cpp">
      <Filter>g2</Filter>
    </ClCompile>
    <ClCompile Include="g2_font.cpp">
      <Filter>g2</Filter>
    </ClCompile>
    <ClCompile Include="g2_opacity.cpp">
      <Filter>g2</Filter>
    </ClCompile>
    <ClCompile Include="g2_border.cpp">
      <Filter>g2</Filter>
    </ClCompile>
    <ClCompile Include="AceTexture.cpp">
      <Filter>Ace</Filter>
    </ClCompile>
  </ItemGroup>
  <ItemGroup>
    <Text Include="..\shader\screen.fragment.txt">
      <Filter>Shaders</Filter>
    </Text>
    <Text Include="..\shader\screen.vertex.txt">
      <Filter>Shaders</Filter>
    </Text>
    <Text Include="..\shader\texture_rect.fragment.txt">
      <Filter>Shaders</Filter>
    </Text>
    <Text Include="..\shader\texture_rect.vertex.txt">
      <Filter>Shaders</Filter>
    </Text>
    <Text Include="..\shader\rgb_rect.fragment.txt">
      <Filter>Shaders</Filter>
    </Text>
    <Text Include="..\shader\rgb_rect.vertex.txt">
      <Filter>Shaders</Filter>
    </Text>
    <Text Include="..\shader\atlas_rect.fragment.txt">
      <Filter>Shaders</Filter>
    </Text>
    <Text Include="..\shader\atlas_rect.vertex.txt">
      <Filter>Shaders</Filter>
    </Text>
  </ItemGroup>
</Project>